PODS:
  - CRToast (0.0.9)
  - EVCloudKitDao (3.6.1):
    - EVReflection/CloudKit (~> 5.10.1)
  - EVReflection/CloudKit (5.10.1):
    - EVReflection/Core
  - EVReflection/Core (5.10.1)
  - JSQMessagesViewController (7.3.5):
    - JSQSystemSoundPlayer (~> 2.0.1)
  - JSQSystemSoundPlayer (2.0.1)
  - SwiftLocation (4.2.0)
  - UIImage-Resize (1.0.1)
  - UzysAssetsPickerController (0.9.9)
  - VIPhotoView (0.1)

DEPENDENCIES:
  - CRToast
  - EVCloudKitDao (from `./`)
  - EVReflection/CloudKit
  - JSQMessagesViewController
  - SwiftLocation
  - UIImage-Resize
  - UzysAssetsPickerController
  - VIPhotoView

SPEC REPOS:
  https://github.com/CocoaPods/Specs.git:
    - CRToast
    - EVReflection
    - JSQMessagesViewController
    - JSQSystemSoundPlayer
    - SwiftLocation
    - UIImage-Resize
    - UzysAssetsPickerController
    - VIPhotoView

EXTERNAL SOURCES:
  EVCloudKitDao:
    :path: "./"

SPEC CHECKSUMS:
  CRToast: 5a78c22b921c5ed3487488af605bc403a9c92fed
  EVCloudKitDao: 8b88d4c82ca8500b1f4d5d781d777443e875d6cc
  EVReflection: 8124de482178d34ccd56473e16cd95990f9a1113
  JSQMessagesViewController: 6587f56aedbcb150a8ba1d968e1ef58b1bc758b7
  JSQSystemSoundPlayer: c5850e77a4363ffd374cd851154b9af93264ed8d
  SwiftLocation: 609ac8859f2c5d48a6cadd2a58c63b1dae02dc25
  UIImage-Resize: fa776860f10e6900bbaf53a73e494bdceaaccc77
  UzysAssetsPickerController: 47c27bd96955467925f3d4d80b1e2e8aaeff766d
  VIPhotoView: bdc0cf8ddadda754b451869bd3a919e8eb5c11ab

PODFILE CHECKSUM: 6b32b7a4af2173cc5c48a83c214a88449e95346c

COCOAPODS: 1.9.1
